
Microsoft Visual Studio Solution File, Format Version 12.00
# Visual Studio Version 17
VisualStudioVersion = 17.3.32922.545
MinimumVisualStudioVersion = 10.0.40219.1
Project("{9A19103F-16F7-4668-BE54-9A1E7A4F7556}") = "EnterpriseMagnet.WebAPI", "EnterpriseMagnet.WebAPI\EnterpriseMagnet.WebAPI.csproj", "{79500647-0DE8-46AB-8A6B-D11F9A216C56}"
EndProject
Project("{9A19103F-16F7-4668-BE54-9A1E7A4F7556}") = "EnterpriseMagnet.Core", "EnterpriseMagnet.Core\EnterpriseMagnet.Core.csproj", "{387D7FB4-DA57-4D89-B9D2-2099A2A129EE}"
EndProject
Project("{9A19103F-16F7-4668-BE54-9A1E7A4F7556}") = "EnterpriseMagnet.Repository", "EnterpriseMagnet.Repository\EnterpriseMagnet.Repository.csproj", "{09DD3A68-D2C7-42A1-A1F5-4E58ADBECCFD}"
EndProject
Project("{9A19103F-16F7-4668-BE54-9A1E7A4F7556}") = "EnterpriseMagnet.Service", "EnterpriseMagnet.Service\EnterpriseMagnet.Service.csproj", "{36BFAD0A-E059-4FD3-9B22-976260495DD7}"
EndProject
Project("{9A19103F-16F7-4668-BE54-9A1E7A4F7556}") = "EnterpriseMagnet.WebUI", "EnterpriseMagnet.WebUI\EnterpriseMagnet.WebUI.csproj", "{08570B80-9FEC-4C2C-A5C7-60E9ECDEEF5C}"
EndProject
Project("{9A19103F-16F7-4668-BE54-9A1E7A4F7556}") = "EnterpriseMagnet.Caching", "EnterpriseMagnet.Caching\EnterpriseMagnet.Caching.csproj", "{1FEF6941-BD4A-4149-91B3-D30825923B1A}"
EndProject
Project("{9A19103F-16F7-4668-BE54-9A1E7A4F7556}") = "EnterpriseMagnet.Entities", "EnterpriseMagnet.Entities\EnterpriseMagnet.Entities.csproj", "{748E6409-3A33-413A-8355-25AC27B6366C}"
EndProject
Project("{9A19103F-16F7-4668-BE54-9A1E7A4F7556}") = "EnterpriseMagnet.DataAccess", "EnterpriseMagnet.DataAccess\EnterpriseMagnet.DataAccess.csproj", "{4C34DE70-053C-4EAA-BB98-9781B67DA10F}"
EndProject
Project("{FAE04EC0-301F-11D3-BF4B-00C04F79EFBC}") = "EnterpriseMagnet.Dto", "EnterpriseMagnet.Dto\EnterpriseMagnet.Dto.csproj", "{0012654F-5EEF-46A4-8703-9D6D2D4A7094}"
EndProject
Global
	GlobalSection(SolutionConfigurationPlatforms) = preSolution
		Debug|Any CPU = Debug|Any CPU
		Release|Any CPU = Release|Any CPU
	EndGlobalSection
	GlobalSection(ProjectConfigurationPlatforms) = postSolution
		{79500647-0DE8-46AB-8A6B-D11F9A216C56}.Debug|Any CPU.ActiveCfg = Debug|Any CPU
		{79500647-0DE8-46AB-8A6B-D11F9A216C56}.Debug|Any CPU.Build.0 = Debug|Any CPU
		{79500647-0DE8-46AB-8A6B-D11F9A216C56}.Release|Any CPU.ActiveCfg = Release|Any CPU
		{79500647-0DE8-46AB-8A6B-D11F9A216C56}.Release|Any CPU.Build.0 = Release|Any CPU
		{387D7FB4-DA57-4D89-B9D2-2099A2A129EE}.Debug|Any CPU.ActiveCfg = Debug|Any CPU
		{387D7FB4-DA57-4D89-B9D2-2099A2A129EE}.Debug|Any CPU.Build.0 = Debug|Any CPU
		{387D7FB4-DA57-4D89-B9D2-2099A2A129EE}.Release|Any CPU.ActiveCfg = Release|Any CPU
		{387D7FB4-DA57-4D89-B9D2-2099A2A129EE}.Release|Any CPU.Build.0 = Release|Any CPU
		{09DD3A68-D2C7-42A1-A1F5-4E58ADBECCFD}.Debug|Any CPU.ActiveCfg = Debug|Any CPU
		{09DD3A68-D2C7-42A1-A1F5-4E58ADBECCFD}.Debug|Any CPU.Build.0 = Debug|Any CPU
		{09DD3A68-D2C7-42A1-A1F5-4E58ADBECCFD}.Release|Any CPU.ActiveCfg = Release|Any CPU
		{09DD3A68-D2C7-42A1-A1F5-4E58ADBECCFD}.Release|Any CPU.Build.0 = Release|Any CPU
		{36BFAD0A-E059-4FD3-9B22-976260495DD7}.Debug|Any CPU.ActiveCfg = Debug|Any CPU
		{36BFAD0A-E059-4FD3-9B22-976260495DD7}.Debug|Any CPU.Build.0 = Debug|Any CPU
		{36BFAD0A-E059-4FD3-9B22-976260495DD7}.Release|Any CPU.ActiveCfg = Release|Any CPU
		{36BFAD0A-E059-4FD3-9B22-976260495DD7}.Release|Any CPU.Build.0 = Release|Any CPU
		{08570B80-9FEC-4C2C-A5C7-60E9ECDEEF5C}.Debug|Any CPU.ActiveCfg = Debug|Any CPU
		{08570B80-9FEC-4C2C-A5C7-60E9ECDEEF5C}.Debug|Any CPU.Build.0 = Debug|Any CPU
		{08570B80-9FEC-4C2C-A5C7-60E9ECDEEF5C}.Release|Any CPU.ActiveCfg = Release|Any CPU
		{08570B80-9FEC-4C2C-A5C7-60E9ECDEEF5C}.Release|Any CPU.Build.0 = Release|Any CPU
		{1FEF6941-BD4A-4149-91B3-D30825923B1A}.Debug|Any CPU.ActiveCfg = Debug|Any CPU
		{1FEF6941-BD4A-4149-91B3-D30825923B1A}.Debug|Any CPU.Build.0 = Debug|Any CPU
		{1FEF6941-BD4A-4149-91B3-D30825923B1A}.Release|Any CPU.ActiveCfg = Release|Any CPU
		{1FEF6941-BD4A-4149-91B3-D30825923B1A}.Release|Any CPU.Build.0 = Release|Any CPU
		{748E6409-3A33-413A-8355-25AC27B6366C}.Debug|Any CPU.ActiveCfg = Debug|Any CPU
		{748E6409-3A33-413A-8355-25AC27B6366C}.Debug|Any CPU.Build.0 = Debug|Any CPU
		{748E6409-3A33-413A-8355-25AC27B6366C}.Release|Any CPU.ActiveCfg = Release|Any CPU
		{748E6409-3A33-413A-8355-25AC27B6366C}.Release|Any CPU.Build.0 = Release|Any CPU
		{4C34DE70-053C-4EAA-BB98-9781B67DA10F}.Debug|Any CPU.ActiveCfg = Debug|Any CPU
		{4C34DE70-053C-4EAA-BB98-9781B67DA10F}.Debug|Any CPU.Build.0 = Debug|Any CPU
		{4C34DE70-053C-4EAA-BB98-9781B67DA10F}.Release|Any CPU.ActiveCfg = Release|Any CPU
		{4C34DE70-053C-4EAA-BB98-9781B67DA10F}.Release|Any CPU.Build.0 = Release|Any CPU
		{0012654F-5EEF-46A4-8703-9D6D2D4A7094}.Debug|Any CPU.ActiveCfg = Debug|Any CPU
		{0012654F-5EEF-46A4-8703-9D6D2D4A7094}.Debug|Any CPU.Build.0 = Debug|Any CPU
		{0012654F-5EEF-46A4-8703-9D6D2D4A7094}.Release|Any CPU.ActiveCfg = Release|Any CPU
		{0012654F-5EEF-46A4-8703-9D6D2D4A7094}.Release|Any CPU.Build.0 = Release|Any CPU
	EndGlobalSection
	GlobalSection(SolutionProperties) = preSolution
		HideSolutionNode = FALSE
	EndGlobalSection
	GlobalSection(ExtensibilityGlobals) = postSolution
		SolutionGuid = {89FD67B1-60F3-4522-9955-0450267A693E}
	EndGlobalSection
EndGlobal
